
Microsoft Visual Studio Solution File, Format Version 12.00
# Visual Studio Version 17
VisualStudioVersion = 17.7.34009.444
MinimumVisualStudioVersion = 10.0.40219.1
Project("{FAE04EC0-301F-11D3-BF4B-00C04F79EFBC}") = "Shared", "Shared\Shared.csproj", "{6B2AC2AE-3C91-4BDB-BE82-5332D4CDB465}"
EndProject
Project("{FAE04EC0-301F-11D3-BF4B-00C04F79EFBC}") = "Services", "Services\Services.csproj", "{960A682D-C6E9-4A7D-A856-4D337D5AA3C3}"
EndProject
Project("{FAE04EC0-301F-11D3-BF4B-00C04F79EFBC}") = "TaxSystem.API", "TaxSystem.API\TaxSystem.API.csproj", "{5FE0A11C-1B56-44DD-9452-9754FD59AB76}"
EndProject
Project("{FAE04EC0-301F-11D3-BF4B-00C04F79EFBC}") = "TaxSystemTest", "TaxSystemTest\TaxSystemTest.csproj", "{4529B94A-C8B7-463D-8B72-56D9D78A708F}"
EndProject
Project("{FAE04EC0-301F-11D3-BF4B-00C04F79EFBC}") = "TaxSystem.Data", "TaxSystem.Data\TaxSystem.Data.csproj", "{58774BBB-7F1B-4F02-8FD0-52CB63086ACF}"
EndProject
Global
	GlobalSection(SolutionConfigurationPlatforms) = preSolution
		Debug|Any CPU = Debug|Any CPU
		Release|Any CPU = Release|Any CPU
	EndGlobalSection
	GlobalSection(ProjectConfigurationPlatforms) = postSolution
		{6B2AC2AE-3C91-4BDB-BE82-5332D4CDB465}.Debug|Any CPU.ActiveCfg = Debug|Any CPU
		{6B2AC2AE-3C91-4BDB-BE82-5332D4CDB465}.Debug|Any CPU.Build.0 = Debug|Any CPU
		{6B2AC2AE-3C91-4BDB-BE82-5332D4CDB465}.Release|Any CPU.ActiveCfg = Release|Any CPU
		{6B2AC2AE-3C91-4BDB-BE82-5332D4CDB465}.Release|Any CPU.Build.0 = Release|Any CPU
		{960A682D-C6E9-4A7D-A856-4D337D5AA3C3}.Debug|Any CPU.ActiveCfg = Debug|Any CPU
		{960A682D-C6E9-4A7D-A856-4D337D5AA3C3}.Debug|Any CPU.Build.0 = Debug|Any CPU
		{960A682D-C6E9-4A7D-A856-4D337D5AA3C3}.Release|Any CPU.ActiveCfg = Release|Any CPU
		{960A682D-C6E9-4A7D-A856-4D337D5AA3C3}.Release|Any CPU.Build.0 = Release|Any CPU
		{5FE0A11C-1B56-44DD-9452-9754FD59AB76}.Debug|Any CPU.ActiveCfg = Debug|Any CPU
		{5FE0A11C-1B56-44DD-9452-9754FD59AB76}.Debug|Any CPU.Build.0 = Debug|Any CPU
		{5FE0A11C-1B56-44DD-9452-9754FD59AB76}.Release|Any CPU.ActiveCfg = Release|Any CPU
		{5FE0A11C-1B56-44DD-9452-9754FD59AB76}.Release|Any CPU.Build.0 = Release|Any CPU
		{4529B94A-C8B7-463D-8B72-56D9D78A708F}.Debug|Any CPU.ActiveCfg = Debug|Any CPU
		{4529B94A-C8B7-463D-8B72-56D9D78A708F}.Debug|Any CPU.Build.0 = Debug|Any CPU
		{4529B94A-C8B7-463D-8B72-56D9D78A708F}.Release|Any CPU.ActiveCfg = Release|Any CPU
		{4529B94A-C8B7-463D-8B72-56D9D78A708F}.Release|Any CPU.Build.0 = Release|Any CPU
		{58774BBB-7F1B-4F02-8FD0-52CB63086ACF}.Debug|Any CPU.ActiveCfg = Debug|Any CPU
		{58774BBB-7F1B-4F02-8FD0-52CB63086ACF}.Debug|Any CPU.Build.0 = Debug|Any CPU
		{58774BBB-7F1B-4F02-8FD0-52CB63086ACF}.Release|Any CPU.ActiveCfg = Release|Any CPU
		{58774BBB-7F1B-4F02-8FD0-52CB63086ACF}.Release|Any CPU.Build.0 = Release|Any CPU
	EndGlobalSection
	GlobalSection(SolutionProperties) = preSolution
		HideSolutionNode = FALSE
	EndGlobalSection
	GlobalSection(ExtensibilityGlobals) = postSolution
		SolutionGuid = {E1B26C3A-3A14-44C3-B889-08F49B97CD70}
	EndGlobalSection
EndGlobal
